// !$*UTF8*$!
{
	archiveVersion = 1;
	classes = {
	};
	objectVersion = 50;
	objects = {

/* Begin PBXBuildFile section */
		3D60C9D423F4483F00F9DB34 /* AppDelegate.swift in Sources */ = {isa = PBXBuildFile; fileRef = 3D60C9D323F4483F00F9DB34 /* AppDelegate.swift */; };
		3D60C9DD23F4484800F9DB34 /* Assets.xcassets in Resources */ = {isa = PBXBuildFile; fileRef = 3D60C9DC23F4484800F9DB34 /* Assets.xcassets */; };
		3DFB16FC243092AB000F9C1C /* main.storyboard in Resources */ = {isa = PBXBuildFile; fileRef = 3DFB16FB243092AB000F9C1C /* main.storyboard */; };
		3DFB16FE2430937F000F9C1C /* MainViewController.swift in Sources */ = {isa = PBXBuildFile; fileRef = 3DFB16FD2430937F000F9C1C /* MainViewController.swift */; };
		82047CA72430980600B362BA /* LizhongViewController.swift in Sources */ = {isa = PBXBuildFile; fileRef = 82047CA52430980600B362BA /* LizhongViewController.swift */; };
		82047CA82430980600B362BA /* LizhongMain.storyboard in Resources */ = {isa = PBXBuildFile; fileRef = 82047CA62430980600B362BA /* LizhongMain.storyboard */; };
		82047CAF2430981E00B362BA /* GunViewController.swift in Sources */ = {isa = PBXBuildFile; fileRef = 82047CAC2430981E00B362BA /* GunViewController.swift */; };
		82047CB42430986900B362BA /* PaduckViewController.swift in Sources */ = {isa = PBXBuildFile; fileRef = 82047CB22430986900B362BA /* PaduckViewController.swift */; };
		F148674D24309AF700BDF162 /* GunViewController.swift in Resources */ = {isa = PBXBuildFile; fileRef = 82047CAC2430981E00B362BA /* GunViewController.swift */; };
		F148674E24309B0200BDF162 /* PaduckViewController.swift in Resources */ = {isa = PBXBuildFile; fileRef = 82047CB22430986900B362BA /* PaduckViewController.swift */; };
/* End PBXBuildFile section */

/* Begin PBXFileReference section */
		3D60C9D023F4483F00F9DB34 /* MyCalc.app */ = {isa = PBXFileReference; explicitFileType = wrapper.application; includeInIndex = 0; path = MyCalc.app; sourceTree = BUILT_PRODUCTS_DIR; };
		3D60C9D323F4483F00F9DB34 /* AppDelegate.swift */ = {isa = PBXFileReference; lastKnownFileType = sourcecode.swift; path = AppDelegate.swift; sourceTree = "<group>"; };
		3D60C9D723F4483F00F9DB34 /* GunViewController.swift */ = {isa = PBXFileReference; lastKnownFileType = sourcecode.swift; path = GunViewController.swift; sourceTree = "<group>"; };
		3D60C9DA23F4483F00F9DB34 /* Base */ = {isa = PBXFileReference; lastKnownFileType = file.storyboard; name = Base; path = Base.lproj/Gun.storyboard; sourceTree = "<group>"; };
		3D60C9DC23F4484800F9DB34 /* Assets.xcassets */ = {isa = PBXFileReference; lastKnownFileType = folder.assetcatalog; path = Assets.xcassets; sourceTree = "<group>"; };
		3D60C9DF23F4484800F9DB34 /* Base */ = {isa = PBXFileReference; lastKnownFileType = file.storyboard; name = Base; path = Base.lproj/LaunchScreen.storyboard; sourceTree = "<group>"; };
		3D60C9E123F4484800F9DB34 /* Info.plist */ = {isa = PBXFileReference; lastKnownFileType = text.plist.xml; path = Info.plist; sourceTree = "<group>"; };
		3DFB16FB243092AB000F9C1C /* main.storyboard */ = {isa = PBXFileReference; lastKnownFileType = file.storyboard; path = main.storyboard; sourceTree = "<group>"; };
		3DFB16FD2430937F000F9C1C /* MainViewController.swift */ = {isa = PBXFileReference; lastKnownFileType = sourcecode.swift; path = MainViewController.swift; sourceTree = "<group>"; };
		3DFB16FF24309766000F9C1C /* Paduck.storyboard */ = {isa = PBXFileReference; fileEncoding = 4; lastKnownFileType = file.storyboard; path = Paduck.storyboard; sourceTree = "<group>"; };
		3DFB170024309766000F9C1C /* PaduckViewController.swift */ = {isa = PBXFileReference; fileEncoding = 4; lastKnownFileType = sourcecode.swift; path = PaduckViewController.swift; sourceTree = "<group>"; };
		82047CA52430980600B362BA /* LizhongViewController.swift */ = {isa = PBXFileReference; fileEncoding = 4; lastKnownFileType = sourcecode.swift; path = LizhongViewController.swift; sourceTree = "<group>"; };
		82047CA62430980600B362BA /* LizhongMain.storyboard */ = {isa = PBXFileReference; fileEncoding = 4; lastKnownFileType = file.storyboard; path = LizhongMain.storyboard; sourceTree = "<group>"; };
		82047CAC2430981E00B362BA /* GunViewController.swift */ = {isa = PBXFileReference; fileEncoding = 4; lastKnownFileType = sourcecode.swift; path = GunViewController.swift; sourceTree = "<group>"; };
		82047CAE2430981E00B362BA /* Base */ = {isa = PBXFileReference; lastKnownFileType = file.storyboard; name = Base; path = Base.lproj/Gun.storyboard; sourceTree = "<group>"; };
		82047CB22430986900B362BA /* PaduckViewController.swift */ = {isa = PBXFileReference; fileEncoding = 4; lastKnownFileType = sourcecode.swift; path = PaduckViewController.swift; sourceTree = "<group>"; };
		82047CB32430986900B362BA /* Paduck.storyboard */ = {isa = PBXFileReference; fileEncoding = 4; lastKnownFileType = file.storyboard; path = Paduck.storyboard; sourceTree = "<group>"; };
/* End PBXFileReference section */

/* Begin PBXFrameworksBuildPhase section */
		3D60C9CD23F4483F00F9DB34 /* Frameworks */ = {
			isa = PBXFrameworksBuildPhase;
			buildActionMask = 2147483647;
			files = (
			);
			runOnlyForDeploymentPostprocessing = 0;
		};
/* End PBXFrameworksBuildPhase section */

/* Begin PBXGroup section */
		3D60C9C723F4483F00F9DB34 = {
			isa = PBXGroup;
			children = (
				3D60C9D223F4483F00F9DB34 /* MyCalc */,
				3D60C9D123F4483F00F9DB34 /* Products */,
				82047CA4243097DD00B362BA /* Recovered References */,
			);
			sourceTree = "<group>";
		};
		3D60C9D123F4483F00F9DB34 /* Products */ = {
			isa = PBXGroup;
			children = (
				3D60C9D023F4483F00F9DB34 /* MyCalc.app */,
			);
			name = Products;
			sourceTree = "<group>";
		};
		3D60C9D223F4483F00F9DB34 /* MyCalc */ = {
			isa = PBXGroup;
			children = (
				82047CB12430986900B362BA /* paduck */,
				82047CAB2430981E00B362BA /* gun */,
				82047C9F243091A900B362BA /* lizhong */,
				3D60C9D323F4483F00F9DB34 /* AppDelegate.swift */,
				3D60C9DC23F4484800F9DB34 /* Assets.xcassets */,
				3D60C9DE23F4484800F9DB34 /* LaunchScreen.storyboard */,
				3D60C9E123F4484800F9DB34 /* Info.plist */,
				3DFB16FB243092AB000F9C1C /* main.storyboard */,
				3DFB16FD2430937F000F9C1C /* MainViewController.swift */,
			);
			path = MyCalc;
			sourceTree = "<group>";
		};
		82047C9F243091A900B362BA /* lizhong */ = {
			isa = PBXGroup;
			children = (
				82047CA62430980600B362BA /* LizhongMain.storyboard */,
				82047CA52430980600B362BA /* LizhongViewController.swift */,
			);
			path = lizhong;
			sourceTree = "<group>";
		};
		82047CA4243097DD00B362BA /* Recovered References */ = {
			isa = PBXGroup;
			children = (
				3DFB170024309766000F9C1C /* PaduckViewController.swift */,
				3D60C9D723F4483F00F9DB34 /* GunViewController.swift */,
				3D60C9D923F4483F00F9DB34 /* Gun.storyboard */,
				3DFB16FF24309766000F9C1C /* Paduck.storyboard */,
			);
			name = "Recovered References";
			sourceTree = "<group>";
		};
		82047CAB2430981E00B362BA /* gun */ = {
			isa = PBXGroup;
			children = (
				82047CAC2430981E00B362BA /* GunViewController.swift */,
				82047CAD2430981E00B362BA /* Gun.storyboard */,
			);
			path = gun;
			sourceTree = "<group>";
		};
		82047CB12430986900B362BA /* paduck */ = {
			isa = PBXGroup;
			children = (
				82047CB22430986900B362BA /* PaduckViewController.swift */,
				82047CB32430986900B362BA /* Paduck.storyboard */,
			);
			path = paduck;
			sourceTree = "<group>";
		};
/* End PBXGroup section */

/* Begin PBXNativeTarget section */
		3D60C9CF23F4483F00F9DB34 /* MyCalc */ = {
			isa = PBXNativeTarget;
			buildConfigurationList = 3D60C9E423F4484800F9DB34 /* Build configuration list for PBXNativeTarget "MyCalc" */;
			buildPhases = (
				3D60C9CC23F4483F00F9DB34 /* Sources */,
				3D60C9CD23F4483F00F9DB34 /* Frameworks */,
				3D60C9CE23F4483F00F9DB34 /* Resources */,
			);
			buildRules = (
			);
			dependencies = (
			);
			name = MyCalc;
			productName = MyCalc;
			productReference = 3D60C9D023F4483F00F9DB34 /* MyCalc.app */;
			productType = "com.apple.product-type.application";
		};
/* End PBXNativeTarget section */

/* Begin PBXProject section */
		3D60C9C823F4483F00F9DB34 /* Project object */ = {
			isa = PBXProject;
			attributes = {
				LastSwiftUpdateCheck = 1130;
				LastUpgradeCheck = 1130;
				ORGANIZATIONNAME = "Geon Kang";
				TargetAttributes = {
					3D60C9CF23F4483F00F9DB34 = {
						CreatedOnToolsVersion = 11.3;
					};
				};
			};
			buildConfigurationList = 3D60C9CB23F4483F00F9DB34 /* Build configuration list for PBXProject "MyCalc" */;
			compatibilityVersion = "Xcode 9.3";
			developmentRegion = en;
			hasScannedForEncodings = 0;
			knownRegions = (
				en,
				Base,
			);
			mainGroup = 3D60C9C723F4483F00F9DB34;
			productRefGroup = 3D60C9D123F4483F00F9DB34 /* Products */;
			projectDirPath = "";
			projectRoot = "";
			targets = (
				3D60C9CF23F4483F00F9DB34 /* MyCalc */,
			);
		};
/* End PBXProject section */

/* Begin PBXResourcesBuildPhase section */
		3D60C9CE23F4483F00F9DB34 /* Resources */ = {
			isa = PBXResourcesBuildPhase;
			buildActionMask = 2147483647;
			files = (
				F148674E24309B0200BDF162 /* PaduckViewController.swift in Resources */,
				F148674D24309AF700BDF162 /* GunViewController.swift in Resources */,
				3DFB16FC243092AB000F9C1C /* main.storyboard in Resources */,
				3D60C9DD23F4484800F9DB34 /* Assets.xcassets in Resources */,
				82047CA82430980600B362BA /* LizhongMain.storyboard in Resources */,
			);
			runOnlyForDeploymentPostprocessing = 0;
		};
/* End PBXResourcesBuildPhase section */

/* Begin PBXSourcesBuildPhase section */
		3D60C9CC23F4483F00F9DB34 /* Sources */ = {
			isa = PBXSourcesBuildPhase;
			buildActionMask = 2147483647;
			files = (
				82047CA72430980600B362BA /* LizhongViewController.swift in Sources */,
				3DFB16FE2430937F000F9C1C /* MainViewController.swift in Sources */,
				82047CB42430986900B362BA /* PaduckViewController.swift in Sources */,
				82047CAF2430981E00B362BA /* GunViewController.swift in Sources */,
				3D60C9D423F4483F00F9DB34 /* AppDelegate.swift in Sources */,
			);
			runOnlyForDeploymentPostprocessing = 0;
		};
/* End PBXSourcesBuildPhase section */

/* Begin PBXVariantGroup section */
		3D60C9D923F4483F00F9DB34 /* Gun.storyboard */ = {
			isa = PBXVariantGroup;
			children = (
				3D60C9DA23F4483F00F9DB34 /* Base */,
			);
			name = Gun.storyboard;
			sourceTree = "<group>";
		};
		3D60C9DE23F4484800F9DB34 /* LaunchScreen.storyboard */ = {
			isa = PBXVariantGroup;
			children = (
				3D60C9DF23F4484800F9DB34 /* Base */,
			);
			name = LaunchScreen.storyboard;
			sourceTree = "<group>";
		};
		82047CAD2430981E00B362BA /* Gun.storyboard */ = {
			isa = PBXVariantGroup;
			children = (
				82047CAE2430981E00B362BA /* Base */,
			);
			name = Gun.storyboard;
			sourceTree = "<group>";
		};
/* End PBXVariantGroup section */

/* Begin XCBuildConfiguration section */
		3D60C9E223F4484800F9DB34 /* Debug */ = {
			isa = XCBuildConfiguration;
			buildSettings = {
				ALWAYS_SEARCH_USER_PATHS = NO;
				CLANG_ANALYZER_NONNULL = YES;
				CLANG_ANALYZER_NUMBER_OBJECT_CONVERSION = YES_AGGRESSIVE;
				CLANG_CXX_LANGUAGE_STANDARD = "gnu++14";
				CLANG_CXX_LIBRARY = "libc++";
				CLANG_ENABLE_MODULES = YES;
				CLANG_ENABLE_OBJC_ARC = YES;
				CLANG_ENABLE_OBJC_WEAK = YES;
				CLANG_WARN_BLOCK_CAPTURE_AUTORELEASING = YES;
				CLANG_WARN_BOOL_CONVERSION = YES;
				CLANG_WARN_COMMA = YES;
				CLANG_WARN_CONSTANT_CONVERSION = YES;
				CLANG_WARN_DEPRECATED_OBJC_IMPLEMENTATIONS = YES;
				CLANG_WARN_DIRECT_OBJC_ISA_USAGE = YES_ERROR;
				CLANG_WARN_DOCUMENTATION_COMMENTS = YES;
				CLANG_WARN_EMPTY_BODY = YES;
				CLANG_WARN_ENUM_CONVERSION = YES;
				CLANG_WARN_INFINITE_RECURSION = YES;
				CLANG_WARN_INT_CONVERSION = YES;
				CLANG_WARN_NON_LITERAL_NULL_CONVERSION = YES;
				CLANG_WARN_OBJC_IMPLICIT_RETAIN_SELF = YES;
				CLANG_WARN_OBJC_LITERAL_CONVERSION = YES;
				CLANG_WARN_OBJC_ROOT_CLASS = YES_ERROR;
				CLANG_WARN_RANGE_LOOP_ANALYSIS = YES;
				CLANG_WARN_STRICT_PROTOTYPES = YES;
				CLANG_WARN_SUSPICIOUS_MOVE = YES;
				CLANG_WARN_UNGUARDED_AVAILABILITY = YES_AGGRESSIVE;
				CLANG_WARN_UNREACHABLE_CODE = YES;
				CLANG_WARN__DUPLICATE_METHOD_MATCH = YES;
				COPY_PHASE_STRIP = NO;
				DEBUG_INFORMATION_FORMAT = dwarf;
				ENABLE_STRICT_OBJC_MSGSEND = YES;
				ENABLE_TESTABILITY = YES;
				GCC_C_LANGUAGE_STANDARD = gnu11;
				GCC_DYNAMIC_NO_PIC = NO;
				GCC_NO_COMMON_BLOCKS = YES;
				GCC_OPTIMIZATION_LEVEL = 0;
				GCC_PREPROCESSOR_DEFINITIONS = (
					"DEBUG=1",
					"$(inherited)",
				);
				GCC_WARN_64_TO_32_BIT_CONVERSION = YES;
				GCC_WARN_ABOUT_RETURN_TYPE = YES_ERROR;
				GCC_WARN_UNDECLARED_SELECTOR = YES;
				GCC_WARN_UNINITIALIZED_AUTOS = YES_AGGRESSIVE;
				GCC_WARN_UNUSED_FUNCTION = YES;
				GCC_WARN_UNUSED_VARIABLE = YES;
				IPHONEOS_DEPLOYMENT_TARGET = 13.2;
				MTL_ENABLE_DEBUG_INFO = INCLUDE_SOURCE;
				MTL_FAST_MATH = YES;
				ONLY_ACTIVE_ARCH = YES;
				SDKROOT = iphoneos;
				SWIFT_ACTIVE_COMPILATION_CONDITIONS = DEBUG;
				SWIFT_OPTIMIZATION_LEVEL = "-Onone";
			};
			name = Debug;
		};
		3D60C9E323F4484800F9DB34 /* Release */ = {
			isa = XCBuildConfiguration;
			buildSettings = {
				ALWAYS_SEARCH_USER_PATHS = NO;
				CLANG_ANALYZER_NONNULL = YES;
				CLANG_ANALYZER_NUMBER_OBJECT_CONVERSION = YES_AGGRESSIVE;
				CLANG_CXX_LANGUAGE_STANDARD = "gnu++14";
				CLANG_CXX_LIBRARY = "libc++";
				CLANG_ENABLE_MODULES = YES;
				CLANG_ENABLE_OBJC_ARC = YES;
				CLANG_ENABLE_OBJC_WEAK = YES;
				CLANG_WARN_BLOCK_CAPTURE_AUTORELEASING = YES;
				CLANG_WARN_BOOL_CONVERSION = YES;
				CLANG_WARN_COMMA = YES;
				CLANG_WARN_CONSTANT_CONVERSION = YES;
				CLANG_WARN_DEPRECATED_OBJC_IMPLEMENTATIONS = YES;
				CLANG_WARN_DIRECT_OBJC_ISA_USAGE = YES_ERROR;
				CLANG_WARN_DOCUMENTATION_COMMENTS = YES;
				CLANG_WARN_EMPTY_BODY = YES;
				CLANG_WARN_ENUM_CONVERSION = YES;
				CLANG_WARN_INFINITE_RECURSION = YES;
				CLANG_WARN_INT_CONVERSION = YES;
				CLANG_WARN_NON_LITERAL_NULL_CONVERSION = YES;
				CLANG_WARN_OBJC_IMPLICIT_RETAIN_SELF = YES;
				CLANG_WARN_OBJC_LITERAL_CONVERSION = YES;
				CLANG_WARN_OBJC_ROOT_CLASS = YES_ERROR;
				CLANG_WARN_RANGE_LOOP_ANALYSIS = YES;
				CLANG_WARN_STRICT_PROTOTYPES = YES;
				CLANG_WARN_SUSPICIOUS_MOVE = YES;
				CLANG_WARN_UNGUARDED_AVAILABILITY = YES_AGGRESSIVE;
				CLANG_WARN_UNREACHABLE_CODE = YES;
				CLANG_WARN__DUPLICATE_METHOD_MATCH = YES;
				COPY_PHASE_STRIP = NO;
				DEBUG_INFORMATION_FORMAT = "dwarf-with-dsym";
				ENABLE_NS_ASSERTIONS = NO;
				ENABLE_STRICT_OBJC_MSGSEND = YES;
				GCC_C_LANGUAGE_STANDARD = gnu11;
				GCC_NO_COMMON_BLOCKS = YES;
				GCC_WARN_64_TO_32_BIT_CONVERSION = YES;
				GCC_WARN_ABOUT_RETURN_TYPE = YES_ERROR;
				GCC_WARN_UNDECLARED_SELECTOR = YES;
				GCC_WARN_UNINITIALIZED_AUTOS = YES_AGGRESSIVE;
				GCC_WARN_UNUSED_FUNCTION = YES;
				GCC_WARN_UNUSED_VARIABLE = YES;
				IPHONEOS_DEPLOYMENT_TARGET = 13.2;
				MTL_ENABLE_DEBUG_INFO = NO;
				MTL_FAST_MATH = YES;
				SDKROOT = iphoneos;
				SWIFT_COMPILATION_MODE = wholemodule;
				SWIFT_OPTIMIZATION_LEVEL = "-O";
				VALIDATE_PRODUCT = YES;
			};
			name = Release;
		};
		3D60C9E523F4484800F9DB34 /* Debug */ = {
			isa = XCBuildConfiguration;
			buildSettings = {
				ASSETCATALOG_COMPILER_APPICON_NAME = AppIcon;
				CODE_SIGN_STYLE = Automatic;
				INFOPLIST_FILE = MyCalc/Info.plist;
				LD_RUNPATH_SEARCH_PATHS = (
					"$(inherited)",
					"@executable_path/Frameworks",
				);
				PRODUCT_BUNDLE_IDENTIFIER = com.kang.MyCalc;
				PRODUCT_NAME = "$(TARGET_NAME)";
				SWIFT_VERSION = 5.0;
				TARGETED_DEVICE_FAMILY = "1,2";
			};
			name = Debug;
		};
		3D60C9E623F4484800F9DB34 /* Release */ = {
			isa = XCBuildConfiguration;
			buildSettings = {
				ASSETCATALOG_COMPILER_APPICON_NAME = AppIcon;
				CODE_SIGN_STYLE = Automatic;
				INFOPLIST_FILE = MyCalc/Info.plist;
				LD_RUNPATH_SEARCH_PATHS = (
					"$(inherited)",
					"@executable_path/Frameworks",
				);
				PRODUCT_BUNDLE_IDENTIFIER = com.kang.MyCalc;
				PRODUCT_NAME = "$(TARGET_NAME)";
				SWIFT_VERSION = 5.0;
				TARGETED_DEVICE_FAMILY = "1,2";
			};
			name = Release;
		};
/* End XCBuildConfiguration section */

/* Begin XCConfigurationList section */
		3D60C9CB23F4483F00F9DB34 /* Build configuration list for PBXProject "MyCalc" */ = {
			isa = XCConfigurationList;
			buildConfigurations = (
				3D60C9E223F4484800F9DB34 /* Debug */,
				3D60C9E323F4484800F9DB34 /* Release */,
			);
			defaultConfigurationIsVisible = 0;
			defaultConfigurationName = Release;
		};
		3D60C9E423F4484800F9DB34 /* Build configuration list for PBXNativeTarget "MyCalc" */ = {
			isa = XCConfigurationList;
			buildConfigurations = (
				3D60C9E523F4484800F9DB34 /* Debug */,
				3D60C9E623F4484800F9DB34 /* Release */,
			);
			defaultConfigurationIsVisible = 0;
			defaultConfigurationName = Release;
		};
/* End XCConfigurationList section */
	};
	rootObject = 3D60C9C823F4483F00F9DB34 /* Project object */;
}
