// !$*UTF8*$!
{
	archiveVersion = 1;
	classes = {
	};
	objectVersion = 51;
	objects = {

/* Begin PBXBuildFile section */
		115F715F244ACF7C001E273C /* ArthurCalculatorViewModel.swift in Sources */ = {isa = PBXBuildFile; fileRef = 115F715E244ACF7C001E273C /* ArthurCalculatorViewModel.swift */; };
		11B266D9243832AD00C88022 /* Arthur.storyboard in Resources */ = {isa = PBXBuildFile; fileRef = 11B266D8243832AD00C88022 /* Arthur.storyboard */; };
		11B266DB2438330C00C88022 /* ArthurViewController.swift in Sources */ = {isa = PBXBuildFile; fileRef = 11B266DA2438330C00C88022 /* ArthurViewController.swift */; };
		3D23B2CA2434565700852962 /* MainViewController.swift in Sources */ = {isa = PBXBuildFile; fileRef = 3DFB16FD2430937F000F9C1C /* MainViewController.swift */; };
		3D53A3E3245418EC0092EBB9 /* File.strings in Resources */ = {isa = PBXBuildFile; fileRef = 3D53A3E2245418EC0092EBB9 /* File.strings */; };
		3D55ED27247A5FFF00ACB79D /* LizhongGiphy copy.storyboard in Resources */ = {isa = PBXBuildFile; fileRef = 3D55ED25247A5FFF00ACB79D /* LizhongGiphy copy.storyboard */; };
		3D55ED28247A5FFF00ACB79D /* View.xib in Resources */ = {isa = PBXBuildFile; fileRef = 3D55ED26247A5FFF00ACB79D /* View.xib */; };
		3D55ED29247A638000ACB79D /* SearchGifNetwork.swift in Sources */ = {isa = PBXBuildFile; fileRef = 75519D762470FFAB002D01E9 /* SearchGifNetwork.swift */; };
		3D55ED2A247A639600ACB79D /* GiphyManager.swift in Sources */ = {isa = PBXBuildFile; fileRef = 3D93445C246EECF100E0FD36 /* GiphyManager.swift */; };
		3D55ED2B247A63CE00ACB79D /* LizhongGiphySecViewController.swift in Sources */ = {isa = PBXBuildFile; fileRef = 829711E624790BDF008D63F5 /* LizhongGiphySecViewController.swift */; };
		3D55ED2C247A640800ACB79D /* ResultData.swift in Sources */ = {isa = PBXBuildFile; fileRef = 3D93445E246F02EC00E0FD36 /* ResultData.swift */; };
		3D55ED2D247A646200ACB79D /* DataSourceofViewController.swift in Sources */ = {isa = PBXBuildFile; fileRef = 829711EE247915BD008D63F5 /* DataSourceofViewController.swift */; };
		3D60C9D423F4483F00F9DB34 /* AppDelegate.swift in Sources */ = {isa = PBXBuildFile; fileRef = 3D60C9D323F4483F00F9DB34 /* AppDelegate.swift */; };
		3D60C9DD23F4484800F9DB34 /* Assets.xcassets in Resources */ = {isa = PBXBuildFile; fileRef = 3D60C9DC23F4484800F9DB34 /* Assets.xcassets */; };
		3D7D4C44244D9C910097BE70 /* Gun_GiphyViewController.swift in Sources */ = {isa = PBXBuildFile; fileRef = 3D7D4C42244D9C910097BE70 /* Gun_GiphyViewController.swift */; };
		3D7D4C45244D9E4B0097BE70 /* Gun_Giphy.storyboard in Resources */ = {isa = PBXBuildFile; fileRef = 3D7D4C43244D9C910097BE70 /* Gun_Giphy.storyboard */; };
		3DFB16FC243092AB000F9C1C /* main.storyboard in Resources */ = {isa = PBXBuildFile; fileRef = 3DFB16FB243092AB000F9C1C /* main.storyboard */; };
		3DFB170324309D1C000F9C1C /* Gun_Calc.storyboard in Resources */ = {isa = PBXBuildFile; fileRef = 82047CAD2430981E00B362BA /* Gun_Calc.storyboard */; };
		3DFB170424309D21000F9C1C /* Paduck.storyboard in Resources */ = {isa = PBXBuildFile; fileRef = 82047CB32430986900B362BA /* Paduck.storyboard */; };
		3DFB170524309D27000F9C1C /* LaunchScreen.storyboard in Resources */ = {isa = PBXBuildFile; fileRef = 3D60C9DE23F4484800F9DB34 /* LaunchScreen.storyboard */; };
		75519D582470FEC3002D01E9 /* Paduck_Giphy.storyboard in Resources */ = {isa = PBXBuildFile; fileRef = 75519D562470FEC3002D01E9 /* Paduck_Giphy.storyboard */; };
		75519D592470FEC3002D01E9 /* Paduck_GiphyViewController.swift in Sources */ = {isa = PBXBuildFile; fileRef = 75519D572470FEC3002D01E9 /* Paduck_GiphyViewController.swift */; };
		75519D792470FFAB002D01E9 /* WaterfallLayout.swift in Sources */ = {isa = PBXBuildFile; fileRef = 75519D5C2470FFAB002D01E9 /* WaterfallLayout.swift */; };
		75519D7A2470FFAB002D01E9 /* RelamManager.swift in Sources */ = {isa = PBXBuildFile; fileRef = 75519D5E2470FFAB002D01E9 /* RelamManager.swift */; };
		75519D7B2470FFAB002D01E9 /* SearchViewController.swift in Sources */ = {isa = PBXBuildFile; fileRef = 75519D612470FFAB002D01E9 /* SearchViewController.swift */; };
		75519D7C2470FFAB002D01E9 /* SearchViewModel.swift in Sources */ = {isa = PBXBuildFile; fileRef = 75519D622470FFAB002D01E9 /* SearchViewModel.swift */; };
		75519D7D2470FFAB002D01E9 /* SearchCell.swift in Sources */ = {isa = PBXBuildFile; fileRef = 75519D642470FFAB002D01E9 /* SearchCell.swift */; };
		75519D7E2470FFAB002D01E9 /* SearchModel.swift in Sources */ = {isa = PBXBuildFile; fileRef = 75519D652470FFAB002D01E9 /* SearchModel.swift */; };
		75519D7F2470FFAB002D01E9 /* ImageDetailViewModel.swift in Sources */ = {isa = PBXBuildFile; fileRef = 75519D672470FFAB002D01E9 /* ImageDetailViewModel.swift */; };
		75519D802470FFAB002D01E9 /* ImageDetailViewController.swift in Sources */ = {isa = PBXBuildFile; fileRef = 75519D682470FFAB002D01E9 /* ImageDetailViewController.swift */; };
		75519D812470FFAB002D01E9 /* FavoriteButton.swift in Sources */ = {isa = PBXBuildFile; fileRef = 75519D6A2470FFAB002D01E9 /* FavoriteButton.swift */; };
		75519D822470FFAB002D01E9 /* ViewController.swift in Sources */ = {isa = PBXBuildFile; fileRef = 75519D6C2470FFAB002D01E9 /* ViewController.swift */; };
		75519D852470FFAB002D01E9 /* SearchView.swift in Sources */ = {isa = PBXBuildFile; fileRef = 75519D712470FFAB002D01E9 /* SearchView.swift */; };
		75519D8A2470FFAB002D01E9 /* SearchGif.swift in Sources */ = {isa = PBXBuildFile; fileRef = 75519D782470FFAB002D01E9 /* SearchGif.swift */; };
		82047CAF2430981E00B362BA /* Gun_CalcViewController.swift in Sources */ = {isa = PBXBuildFile; fileRef = 82047CAC2430981E00B362BA /* Gun_CalcViewController.swift */; };
		82047CB42430986900B362BA /* PaduckViewController.swift in Sources */ = {isa = PBXBuildFile; fileRef = 82047CB22430986900B362BA /* PaduckViewController.swift */; };
		822A91BB24475D6A00122C1A /* btn.wav in Resources */ = {isa = PBXBuildFile; fileRef = 822A91BA24475D6A00122C1A /* btn.wav */; };
		829711E924790CA4008D63F5 /* SettingsViewController.swift in Sources */ = {isa = PBXBuildFile; fileRef = 829711E824790CA4008D63F5 /* SettingsViewController.swift */; };
		829711EB24790E4D008D63F5 /* joo.gif in Resources */ = {isa = PBXBuildFile; fileRef = 829711EA24790E4D008D63F5 /* joo.gif */; };
		829711F1247918D7008D63F5 /* ChatCell.swift in Sources */ = {isa = PBXBuildFile; fileRef = 829711F0247918D7008D63F5 /* ChatCell.swift */; };
		829711F424791DC7008D63F5 /* Setting.swift in Sources */ = {isa = PBXBuildFile; fileRef = 829711F324791DC7008D63F5 /* Setting.swift */; };
		829711F62479241A008D63F5 /* keyboardofViewController.swift in Sources */ = {isa = PBXBuildFile; fileRef = 829711F52479241A008D63F5 /* keyboardofViewController.swift */; };
		829711F8247926E0008D63F5 /* HeaderCell.swift in Sources */ = {isa = PBXBuildFile; fileRef = 829711F7247926E0008D63F5 /* HeaderCell.swift */; };
		829711FA2479271E008D63F5 /* SettingCell.swift in Sources */ = {isa = PBXBuildFile; fileRef = 829711F92479271E008D63F5 /* SettingCell.swift */; };
		829711FC2479275E008D63F5 /* ContentTypeSettingCell.swift in Sources */ = {isa = PBXBuildFile; fileRef = 829711FB2479275E008D63F5 /* ContentTypeSettingCell.swift */; };
		829711FE24792B61008D63F5 /* DataSourceofSettingsViewController.swift in Sources */ = {isa = PBXBuildFile; fileRef = 829711FD24792B61008D63F5 /* DataSourceofSettingsViewController.swift */; };
		8297120124795975008D63F5 /* Pods_MyCalc.framework in Frameworks */ = {isa = PBXBuildFile; fileRef = 8297120024795975008D63F5 /* Pods_MyCalc.framework */; settings = {ATTRIBUTES = (Required, ); }; };
		8297120324795B50008D63F5 /* GiphyUISDK.framework in Frameworks */ = {isa = PBXBuildFile; fileRef = 8297120224795B50008D63F5 /* GiphyUISDK.framework */; };
		8297120524795B53008D63F5 /* GiphyCoreSDK.framework in Frameworks */ = {isa = PBXBuildFile; fileRef = 8297120424795B53008D63F5 /* GiphyCoreSDK.framework */; };
		8297120724795BA9008D63F5 /* OMSDK_Giphy.framework in Frameworks */ = {isa = PBXBuildFile; fileRef = 8297120624795BA9008D63F5 /* OMSDK_Giphy.framework */; };
		8297120924795D9E008D63F5 /* PINCache.framework in Frameworks */ = {isa = PBXBuildFile; fileRef = 8297120824795D9E008D63F5 /* PINCache.framework */; };
		8297120B24795DA4008D63F5 /* DeepDiff.framework in Frameworks */ = {isa = PBXBuildFile; fileRef = 8297120A24795DA4008D63F5 /* DeepDiff.framework */; };
		8297120D24795E4F008D63F5 /* LizhongGiphySec.storyboard in Resources */ = {isa = PBXBuildFile; fileRef = 8297120C24795E4F008D63F5 /* LizhongGiphySec.storyboard */; };
		82ACAF6C246156AB00F621EF /* Photo.swift in Sources */ = {isa = PBXBuildFile; fileRef = 82ACAF6B246156AB00F621EF /* Photo.swift */; };
		82ACAF7E24615C4300F621EF /* CollectionViewLayout.swift in Sources */ = {isa = PBXBuildFile; fileRef = 82ACAF7D24615C4300F621EF /* CollectionViewLayout.swift */; };
		82ACAF802461649300F621EF /* CollectionViewCell.swift in Sources */ = {isa = PBXBuildFile; fileRef = 82ACAF7F2461649300F621EF /* CollectionViewCell.swift */; };
		82DA36732460497200072002 /* LizhongGiphyViewController.swift in Sources */ = {isa = PBXBuildFile; fileRef = 82DA36722460497200072002 /* LizhongGiphyViewController.swift */; };
		82DA367524604AB700072002 /* Images.xcassets in Resources */ = {isa = PBXBuildFile; fileRef = 82DA367424604AB700072002 /* Images.xcassets */; };
		82DA367724604ACC00072002 /* Photos.xcassets in Resources */ = {isa = PBXBuildFile; fileRef = 82DA367624604ACC00072002 /* Photos.xcassets */; };
		82DA367924604ADF00072002 /* Photos.plist in Resources */ = {isa = PBXBuildFile; fileRef = 82DA367824604ADF00072002 /* Photos.plist */; };
		82DA367D246054C400072002 /* LizhongGiphy.storyboard in Resources */ = {isa = PBXBuildFile; fileRef = 82DA367C246054C400072002 /* LizhongGiphy.storyboard */; };
		82F8E8BE243B57E2008F333F /* LizhongCal.storyboard in Resources */ = {isa = PBXBuildFile; fileRef = 82F8E8BD243B57E2008F333F /* LizhongCal.storyboard */; };
		82F8E8C0243B57F1008F333F /* LizhongCalViewController.swift in Sources */ = {isa = PBXBuildFile; fileRef = 82F8E8BF243B57F1008F333F /* LizhongCalViewController.swift */; };
		F140A7C8248B89EB00200482 /* __Paduck_GiphyViewController.swift in Sources */ = {isa = PBXBuildFile; fileRef = F140A7C7248B89EB00200482 /* __Paduck_GiphyViewController.swift */; };
		F148674D24309AF700BDF162 /* Gun_CalcViewController.swift in Resources */ = {isa = PBXBuildFile; fileRef = 82047CAC2430981E00B362BA /* Gun_CalcViewController.swift */; };
		F148674E24309B0200BDF162 /* PaduckViewController.swift in Resources */ = {isa = PBXBuildFile; fileRef = 82047CB22430986900B362BA /* PaduckViewController.swift */; };
/* End PBXBuildFile section */

/* Begin PBXFileReference section */
		115F715E244ACF7C001E273C /* ArthurCalculatorViewModel.swift */ = {isa = PBXFileReference; lastKnownFileType = sourcecode.swift; path = ArthurCalculatorViewModel.swift; sourceTree = "<group>"; };
		11B266D8243832AD00C88022 /* Arthur.storyboard */ = {isa = PBXFileReference; lastKnownFileType = file.storyboard; path = Arthur.storyboard; sourceTree = "<group>"; };
		11B266DA2438330C00C88022 /* ArthurViewController.swift */ = {isa = PBXFileReference; lastKnownFileType = sourcecode.swift; path = ArthurViewController.swift; sourceTree = "<group>"; };
		3D53A3CF24503D630092EBB9 /* GiphyUISDK.framework */ = {isa = PBXFileReference; lastKnownFileType = wrapper.framework; name = GiphyUISDK.framework; path = Carthage/Build/iOS/GiphyUISDK.framework; sourceTree = "<group>"; };
		3D53A3D024503D630092EBB9 /* DeepDiff.framework */ = {isa = PBXFileReference; lastKnownFileType = wrapper.framework; name = DeepDiff.framework; path = Carthage/Build/iOS/DeepDiff.framework; sourceTree = "<group>"; };
		3D53A3D124503D640092EBB9 /* WebP.framework */ = {isa = PBXFileReference; lastKnownFileType = wrapper.framework; name = WebP.framework; path = Carthage/Build/iOS/WebP.framework; sourceTree = "<group>"; };
		3D53A3D224503D640092EBB9 /* GiphyCoreSDK.framework */ = {isa = PBXFileReference; lastKnownFileType = wrapper.framework; name = GiphyCoreSDK.framework; path = Carthage/Build/iOS/GiphyCoreSDK.framework; sourceTree = "<group>"; };
		3D53A3D324503D640092EBB9 /* PINCache.framework */ = {isa = PBXFileReference; lastKnownFileType = wrapper.framework; name = PINCache.framework; path = Carthage/Build/iOS/PINCache.framework; sourceTree = "<group>"; };
		3D53A3D924503D750092EBB9 /* OMSDK_Giphy.framework */ = {isa = PBXFileReference; lastKnownFileType = wrapper.framework; name = OMSDK_Giphy.framework; path = Carthage/Build/iOS/GiphyCoreSDK.framework/Frameworks/OMSDK_Giphy.framework; sourceTree = "<group>"; };
		3D53A3DC245040530092EBB9 /* OMSDK_Giphy */ = {isa = PBXFileReference; lastKnownFileType = archive.ar; name = OMSDK_Giphy; path = Carthage/Build/iOS/GiphyCoreSDK.framework/Frameworks/OMSDK_Giphy.framework/OMSDK_Giphy; sourceTree = "<group>"; };
		3D53A3DE2450407F0092EBB9 /* OMSDK_Giphy.framework */ = {isa = PBXFileReference; lastKnownFileType = wrapper.framework; name = OMSDK_Giphy.framework; path = "Carthage/Build/iOS/GiphyCoreSDK.framework/omsdk-ios-1.2.20-Giphy/OMSDK_Giphy.framework"; sourceTree = "<group>"; };
		3D53A3E2245418EC0092EBB9 /* File.strings */ = {isa = PBXFileReference; lastKnownFileType = text.plist.strings; path = File.strings; sourceTree = "<group>"; };
		3D55ED25247A5FFF00ACB79D /* LizhongGiphy copy.storyboard */ = {isa = PBXFileReference; fileEncoding = 4; lastKnownFileType = file.storyboard; path = "LizhongGiphy copy.storyboard"; sourceTree = "<group>"; };
		3D55ED26247A5FFF00ACB79D /* View.xib */ = {isa = PBXFileReference; fileEncoding = 4; lastKnownFileType = file.xib; path = View.xib; sourceTree = "<group>"; };
		3D60C9D023F4483F00F9DB34 /* MyCalc.app */ = {isa = PBXFileReference; explicitFileType = wrapper.application; includeInIndex = 0; path = MyCalc.app; sourceTree = BUILT_PRODUCTS_DIR; };
		3D60C9D323F4483F00F9DB34 /* AppDelegate.swift */ = {isa = PBXFileReference; lastKnownFileType = sourcecode.swift; path = AppDelegate.swift; sourceTree = "<group>"; };
		3D60C9DC23F4484800F9DB34 /* Assets.xcassets */ = {isa = PBXFileReference; lastKnownFileType = folder.assetcatalog; path = Assets.xcassets; sourceTree = "<group>"; };
		3D60C9DF23F4484800F9DB34 /* Base */ = {isa = PBXFileReference; lastKnownFileType = file.storyboard; name = Base; path = Base.lproj/LaunchScreen.storyboard; sourceTree = "<group>"; };
		3D60C9E123F4484800F9DB34 /* Info.plist */ = {isa = PBXFileReference; lastKnownFileType = text.plist.xml; path = Info.plist; sourceTree = "<group>"; };
		3D7D4C42244D9C910097BE70 /* Gun_GiphyViewController.swift */ = {isa = PBXFileReference; lastKnownFileType = sourcecode.swift; path = Gun_GiphyViewController.swift; sourceTree = "<group>"; };
		3D7D4C43244D9C910097BE70 /* Gun_Giphy.storyboard */ = {isa = PBXFileReference; lastKnownFileType = file.storyboard; path = Gun_Giphy.storyboard; sourceTree = "<group>"; };
		3D93445C246EECF100E0FD36 /* GiphyManager.swift */ = {isa = PBXFileReference; lastKnownFileType = sourcecode.swift; path = GiphyManager.swift; sourceTree = "<group>"; };
		3D93445E246F02EC00E0FD36 /* ResultData.swift */ = {isa = PBXFileReference; lastKnownFileType = sourcecode.swift; path = ResultData.swift; sourceTree = "<group>"; };
		3D934462246F0A6000E0FD36 /* ResultModel.swift */ = {isa = PBXFileReference; lastKnownFileType = sourcecode.swift; path = ResultModel.swift; sourceTree = "<group>"; };
		3DFB16FB243092AB000F9C1C /* main.storyboard */ = {isa = PBXFileReference; lastKnownFileType = file.storyboard; path = main.storyboard; sourceTree = "<group>"; };
		3DFB16FD2430937F000F9C1C /* MainViewController.swift */ = {isa = PBXFileReference; lastKnownFileType = sourcecode.swift; path = MainViewController.swift; sourceTree = "<group>"; };
		4F43ACDE83A1011E6EAA7D2E /* Pods-MyCalc.release.xcconfig */ = {isa = PBXFileReference; includeInIndex = 1; lastKnownFileType = text.xcconfig; name = "Pods-MyCalc.release.xcconfig"; path = "Target Support Files/Pods-MyCalc/Pods-MyCalc.release.xcconfig"; sourceTree = "<group>"; };
		6308CC744C7A066F1874368A /* Pods-MyCalc.debug.xcconfig */ = {isa = PBXFileReference; includeInIndex = 1; lastKnownFileType = text.xcconfig; name = "Pods-MyCalc.debug.xcconfig"; path = "Target Support Files/Pods-MyCalc/Pods-MyCalc.debug.xcconfig"; sourceTree = "<group>"; };
		75519D562470FEC3002D01E9 /* Paduck_Giphy.storyboard */ = {isa = PBXFileReference; fileEncoding = 4; lastKnownFileType = file.storyboard; path = Paduck_Giphy.storyboard; sourceTree = "<group>"; };
		75519D572470FEC3002D01E9 /* Paduck_GiphyViewController.swift */ = {isa = PBXFileReference; fileEncoding = 4; lastKnownFileType = sourcecode.swift; path = Paduck_GiphyViewController.swift; sourceTree = "<group>"; };
		75519D5C2470FFAB002D01E9 /* WaterfallLayout.swift */ = {isa = PBXFileReference; fileEncoding = 4; lastKnownFileType = sourcecode.swift; path = WaterfallLayout.swift; sourceTree = "<group>"; };
		75519D5E2470FFAB002D01E9 /* RelamManager.swift */ = {isa = PBXFileReference; fileEncoding = 4; lastKnownFileType = sourcecode.swift; path = RelamManager.swift; sourceTree = "<group>"; };
		75519D612470FFAB002D01E9 /* SearchViewController.swift */ = {isa = PBXFileReference; fileEncoding = 4; lastKnownFileType = sourcecode.swift; path = SearchViewController.swift; sourceTree = "<group>"; };
		75519D622470FFAB002D01E9 /* SearchViewModel.swift */ = {isa = PBXFileReference; fileEncoding = 4; lastKnownFileType = sourcecode.swift; path = SearchViewModel.swift; sourceTree = "<group>"; };
		75519D642470FFAB002D01E9 /* SearchCell.swift */ = {isa = PBXFileReference; fileEncoding = 4; lastKnownFileType = sourcecode.swift; path = SearchCell.swift; sourceTree = "<group>"; };
		75519D652470FFAB002D01E9 /* SearchModel.swift */ = {isa = PBXFileReference; fileEncoding = 4; lastKnownFileType = sourcecode.swift; path = SearchModel.swift; sourceTree = "<group>"; };
		75519D672470FFAB002D01E9 /* ImageDetailViewModel.swift */ = {isa = PBXFileReference; fileEncoding = 4; lastKnownFileType = sourcecode.swift; path = ImageDetailViewModel.swift; sourceTree = "<group>"; };
		75519D682470FFAB002D01E9 /* ImageDetailViewController.swift */ = {isa = PBXFileReference; fileEncoding = 4; lastKnownFileType = sourcecode.swift; path = ImageDetailViewController.swift; sourceTree = "<group>"; };
		75519D6A2470FFAB002D01E9 /* FavoriteButton.swift */ = {isa = PBXFileReference; fileEncoding = 4; lastKnownFileType = sourcecode.swift; path = FavoriteButton.swift; sourceTree = "<group>"; };
		75519D6C2470FFAB002D01E9 /* ViewController.swift */ = {isa = PBXFileReference; fileEncoding = 4; lastKnownFileType = sourcecode.swift; path = ViewController.swift; sourceTree = "<group>"; };
		75519D712470FFAB002D01E9 /* SearchView.swift */ = {isa = PBXFileReference; fileEncoding = 4; lastKnownFileType = sourcecode.swift; path = SearchView.swift; sourceTree = "<group>"; };
		75519D762470FFAB002D01E9 /* SearchGifNetwork.swift */ = {isa = PBXFileReference; fileEncoding = 4; lastKnownFileType = sourcecode.swift; path = SearchGifNetwork.swift; sourceTree = "<group>"; };
		75519D782470FFAB002D01E9 /* SearchGif.swift */ = {isa = PBXFileReference; fileEncoding = 4; lastKnownFileType = sourcecode.swift; path = SearchGif.swift; sourceTree = "<group>"; };
		82047CAC2430981E00B362BA /* Gun_CalcViewController.swift */ = {isa = PBXFileReference; fileEncoding = 4; lastKnownFileType = sourcecode.swift; path = Gun_CalcViewController.swift; sourceTree = "<group>"; };
		82047CAE2430981E00B362BA /* Base */ = {isa = PBXFileReference; lastKnownFileType = file.storyboard; name = Base; path = Base.lproj/Gun_Calc.storyboard; sourceTree = "<group>"; };
		82047CB22430986900B362BA /* PaduckViewController.swift */ = {isa = PBXFileReference; fileEncoding = 4; lastKnownFileType = sourcecode.swift; path = PaduckViewController.swift; sourceTree = "<group>"; };
		82047CB32430986900B362BA /* Paduck.storyboard */ = {isa = PBXFileReference; fileEncoding = 4; lastKnownFileType = file.storyboard; path = Paduck.storyboard; sourceTree = "<group>"; };
		822A91BA24475D6A00122C1A /* btn.wav */ = {isa = PBXFileReference; lastKnownFileType = audio.wav; path = btn.wav; sourceTree = "<group>"; };
		829711E624790BDF008D63F5 /* LizhongGiphySecViewController.swift */ = {isa = PBXFileReference; lastKnownFileType = sourcecode.swift; path = LizhongGiphySecViewController.swift; sourceTree = "<group>"; };
		829711E824790CA4008D63F5 /* SettingsViewController.swift */ = {isa = PBXFileReference; lastKnownFileType = sourcecode.swift; path = SettingsViewController.swift; sourceTree = "<group>"; };
		829711EA24790E4D008D63F5 /* joo.gif */ = {isa = PBXFileReference; lastKnownFileType = image.gif; name = joo.gif; path = Images.xcassets/joo.gif; sourceTree = "<group>"; };
		829711EE247915BD008D63F5 /* DataSourceofViewController.swift */ = {isa = PBXFileReference; lastKnownFileType = sourcecode.swift; path = DataSourceofViewController.swift; sourceTree = "<group>"; };
		829711F0247918D7008D63F5 /* ChatCell.swift */ = {isa = PBXFileReference; lastKnownFileType = sourcecode.swift; path = ChatCell.swift; sourceTree = "<group>"; };
		829711F324791DC7008D63F5 /* Setting.swift */ = {isa = PBXFileReference; lastKnownFileType = sourcecode.swift; path = Setting.swift; sourceTree = "<group>"; };
		829711F52479241A008D63F5 /* keyboardofViewController.swift */ = {isa = PBXFileReference; lastKnownFileType = sourcecode.swift; path = keyboardofViewController.swift; sourceTree = "<group>"; };
		829711F7247926E0008D63F5 /* HeaderCell.swift */ = {isa = PBXFileReference; lastKnownFileType = sourcecode.swift; path = HeaderCell.swift; sourceTree = "<group>"; };
		829711F92479271E008D63F5 /* SettingCell.swift */ = {isa = PBXFileReference; lastKnownFileType = sourcecode.swift; path = SettingCell.swift; sourceTree = "<group>"; };
		829711FB2479275E008D63F5 /* ContentTypeSettingCell.swift */ = {isa = PBXFileReference; lastKnownFileType = sourcecode.swift; path = ContentTypeSettingCell.swift; sourceTree = "<group>"; };
		829711FD24792B61008D63F5 /* DataSourceofSettingsViewController.swift */ = {isa = PBXFileReference; lastKnownFileType = sourcecode.swift; path = DataSourceofSettingsViewController.swift; sourceTree = "<group>"; };
		8297120024795975008D63F5 /* Pods_MyCalc.framework */ = {isa = PBXFileReference; explicitFileType = wrapper.framework; path = Pods_MyCalc.framework; sourceTree = BUILT_PRODUCTS_DIR; };
		8297120224795B50008D63F5 /* GiphyUISDK.framework */ = {isa = PBXFileReference; lastKnownFileType = wrapper.framework; name = GiphyUISDK.framework; path = Pods/Giphy/GiphySDK/GiphyUISDK.framework; sourceTree = "<group>"; };
		8297120424795B53008D63F5 /* GiphyCoreSDK.framework */ = {isa = PBXFileReference; lastKnownFileType = wrapper.framework; name = GiphyCoreSDK.framework; path = Pods/Giphy/GiphySDK/GiphyCoreSDK.framework; sourceTree = "<group>"; };
		8297120624795BA9008D63F5 /* OMSDK_Giphy.framework */ = {isa = PBXFileReference; lastKnownFileType = wrapper.framework; name = OMSDK_Giphy.framework; path = "Pods/Giphy/GiphySDK/GiphyCoreSDK.framework/omsdk-ios-1.2.20-Giphy/OMSDK_Giphy.framework"; sourceTree = "<group>"; };
		8297120824795D9E008D63F5 /* PINCache.framework */ = {isa = PBXFileReference; explicitFileType = wrapper.framework; path = PINCache.framework; sourceTree = BUILT_PRODUCTS_DIR; };
		8297120A24795DA4008D63F5 /* DeepDiff.framework */ = {isa = PBXFileReference; explicitFileType = wrapper.framework; path = DeepDiff.framework; sourceTree = BUILT_PRODUCTS_DIR; };
		8297120C24795E4F008D63F5 /* LizhongGiphySec.storyboard */ = {isa = PBXFileReference; lastKnownFileType = file.storyboard; path = LizhongGiphySec.storyboard; sourceTree = "<group>"; };
		82ACAF6B246156AB00F621EF /* Photo.swift */ = {isa = PBXFileReference; lastKnownFileType = sourcecode.swift; path = Photo.swift; sourceTree = "<group>"; };
		82ACAF7D24615C4300F621EF /* CollectionViewLayout.swift */ = {isa = PBXFileReference; lastKnownFileType = sourcecode.swift; path = CollectionViewLayout.swift; sourceTree = "<group>"; };
		82ACAF7F2461649300F621EF /* CollectionViewCell.swift */ = {isa = PBXFileReference; lastKnownFileType = sourcecode.swift; path = CollectionViewCell.swift; sourceTree = "<group>"; };
		82DA36722460497200072002 /* LizhongGiphyViewController.swift */ = {isa = PBXFileReference; lastKnownFileType = sourcecode.swift; path = LizhongGiphyViewController.swift; sourceTree = "<group>"; };
		82DA367424604AB700072002 /* Images.xcassets */ = {isa = PBXFileReference; lastKnownFileType = folder.assetcatalog; path = Images.xcassets; sourceTree = "<group>"; };
		82DA367624604ACC00072002 /* Photos.xcassets */ = {isa = PBXFileReference; lastKnownFileType = folder.assetcatalog; path = Photos.xcassets; sourceTree = "<group>"; };
		82DA367824604ADF00072002 /* Photos.plist */ = {isa = PBXFileReference; lastKnownFileType = text.plist.xml; path = Photos.plist; sourceTree = "<group>"; };
		82DA367C246054C400072002 /* LizhongGiphy.storyboard */ = {isa = PBXFileReference; lastKnownFileType = file.storyboard; path = LizhongGiphy.storyboard; sourceTree = "<group>"; };
		82F8E8BD243B57E2008F333F /* LizhongCal.storyboard */ = {isa = PBXFileReference; lastKnownFileType = file.storyboard; path = LizhongCal.storyboard; sourceTree = "<group>"; };
		82F8E8BF243B57F1008F333F /* LizhongCalViewController.swift */ = {isa = PBXFileReference; lastKnownFileType = sourcecode.swift; path = LizhongCalViewController.swift; sourceTree = "<group>"; };
		98A6F964E67B0FC79267DE10 /* Pods_MyCalc.framework */ = {isa = PBXFileReference; explicitFileType = wrapper.framework; includeInIndex = 0; path = Pods_MyCalc.framework; sourceTree = BUILT_PRODUCTS_DIR; };
		F140A7C7248B89EB00200482 /* __Paduck_GiphyViewController.swift */ = {isa = PBXFileReference; lastKnownFileType = sourcecode.swift; path = __Paduck_GiphyViewController.swift; sourceTree = "<group>"; };
/* End PBXFileReference section */

/* Begin PBXFrameworksBuildPhase section */
		3D60C9CD23F4483F00F9DB34 /* Frameworks */ = {
			isa = PBXFrameworksBuildPhase;
			buildActionMask = 2147483647;
			files = (
				8297120B24795DA4008D63F5 /* DeepDiff.framework in Frameworks */,
				8297120924795D9E008D63F5 /* PINCache.framework in Frameworks */,
				8297120724795BA9008D63F5 /* OMSDK_Giphy.framework in Frameworks */,
				8297120124795975008D63F5 /* Pods_MyCalc.framework in Frameworks */,
				8297120524795B53008D63F5 /* GiphyCoreSDK.framework in Frameworks */,
				8297120324795B50008D63F5 /* GiphyUISDK.framework in Frameworks */,
			);
			runOnlyForDeploymentPostprocessing = 0;
		};
/* End PBXFrameworksBuildPhase section */

/* Begin PBXGroup section */
		11B266D72438329B00C88022 /* arthur */ = {
			isa = PBXGroup;
			children = (
				75519D8B24710581002D01E9 /* Calculator */,
				75519D5A2470FF9A002D01E9 /* Giphy */,
				11B266D8243832AD00C88022 /* Arthur.storyboard */,
			);
			path = arthur;
			sourceTree = "<group>";
		};
		3D60C9C723F4483F00F9DB34 = {
			isa = PBXGroup;
			children = (
				3D60C9D223F4483F00F9DB34 /* MyCalc */,
				3D60C9D123F4483F00F9DB34 /* Products */,
				82047CA4243097DD00B362BA /* Recovered References */,
				F1C9C5C289ADD93DAE268BDB /* Pods */,
				B8FB460EA518285EF21A0F29 /* Frameworks */,
			);
			sourceTree = "<group>";
		};
		3D60C9D123F4483F00F9DB34 /* Products */ = {
			isa = PBXGroup;
			children = (
				3D60C9D023F4483F00F9DB34 /* MyCalc.app */,
			);
			name = Products;
			sourceTree = "<group>";
		};
		3D60C9D223F4483F00F9DB34 /* MyCalc */ = {
			isa = PBXGroup;
			children = (
				11B266D72438329B00C88022 /* arthur */,
				82047CB12430986900B362BA /* paduck */,
				82047CAB2430981E00B362BA /* gun */,
				82047C9F243091A900B362BA /* lizhong */,
				3D60C9D323F4483F00F9DB34 /* AppDelegate.swift */,
				3D60C9DC23F4484800F9DB34 /* Assets.xcassets */,
				3D60C9DE23F4484800F9DB34 /* LaunchScreen.storyboard */,
				3D60C9E123F4484800F9DB34 /* Info.plist */,
				3DFB16FB243092AB000F9C1C /* main.storyboard */,
				3DFB16FD2430937F000F9C1C /* MainViewController.swift */,
				3D53A3E2245418EC0092EBB9 /* File.strings */,
			);
			path = MyCalc;
			sourceTree = "<group>";
		};
		75519D5A2470FF9A002D01E9 /* Giphy */ = {
			isa = PBXGroup;
			children = (
				75519D772470FFAB002D01E9 /* Entity */,
				75519D5B2470FFAB002D01E9 /* Extension */,
				75519D752470FFAB002D01E9 /* Networking */,
				75519D5F2470FFAB002D01E9 /* Presentation */,
			);
			path = Giphy;
			sourceTree = "<group>";
		};
		75519D5B2470FFAB002D01E9 /* Extension */ = {
			isa = PBXGroup;
			children = (
				75519D5C2470FFAB002D01E9 /* WaterfallLayout.swift */,
				75519D5D2470FFAB002D01E9 /* Realm */,
			);
			path = Extension;
			sourceTree = "<group>";
		};
		75519D5D2470FFAB002D01E9 /* Realm */ = {
			isa = PBXGroup;
			children = (
				75519D5E2470FFAB002D01E9 /* RelamManager.swift */,
			);
			path = Realm;
			sourceTree = "<group>";
		};
		75519D5F2470FFAB002D01E9 /* Presentation */ = {
			isa = PBXGroup;
			children = (
				75519D602470FFAB002D01E9 /* Search */,
				75519D662470FFAB002D01E9 /* Detail */,
				75519D6B2470FFAB002D01E9 /* UniversalComponent */,
				75519D6D2470FFAB002D01E9 /* Main */,
			);
			path = Presentation;
			sourceTree = "<group>";
		};
		75519D602470FFAB002D01E9 /* Search */ = {
			isa = PBXGroup;
			children = (
				75519D612470FFAB002D01E9 /* SearchViewController.swift */,
				75519D622470FFAB002D01E9 /* SearchViewModel.swift */,
				75519D632470FFAB002D01E9 /* Components */,
				75519D652470FFAB002D01E9 /* SearchModel.swift */,
			);
			path = Search;
			sourceTree = "<group>";
		};
		75519D632470FFAB002D01E9 /* Components */ = {
			isa = PBXGroup;
			children = (
				75519D642470FFAB002D01E9 /* SearchCell.swift */,
			);
			path = Components;
			sourceTree = "<group>";
		};
		75519D662470FFAB002D01E9 /* Detail */ = {
			isa = PBXGroup;
			children = (
				75519D672470FFAB002D01E9 /* ImageDetailViewModel.swift */,
				75519D682470FFAB002D01E9 /* ImageDetailViewController.swift */,
				75519D692470FFAB002D01E9 /* Components */,
			);
			path = Detail;
			sourceTree = "<group>";
		};
		75519D692470FFAB002D01E9 /* Components */ = {
			isa = PBXGroup;
			children = (
				75519D6A2470FFAB002D01E9 /* FavoriteButton.swift */,
			);
			path = Components;
			sourceTree = "<group>";
		};
		75519D6B2470FFAB002D01E9 /* UniversalComponent */ = {
			isa = PBXGroup;
			children = (
				75519D6C2470FFAB002D01E9 /* ViewController.swift */,
			);
			path = UniversalComponent;
			sourceTree = "<group>";
		};
		75519D6D2470FFAB002D01E9 /* Main */ = {
			isa = PBXGroup;
			children = (
				75519D6F2470FFAB002D01E9 /* Components */,
			);
			path = Main;
			sourceTree = "<group>";
		};
		75519D6F2470FFAB002D01E9 /* Components */ = {
			isa = PBXGroup;
			children = (
				75519D712470FFAB002D01E9 /* SearchView.swift */,
			);
			path = Components;
			sourceTree = "<group>";
		};
		75519D752470FFAB002D01E9 /* Networking */ = {
			isa = PBXGroup;
			children = (
				75519D762470FFAB002D01E9 /* SearchGifNetwork.swift */,
			);
			path = Networking;
			sourceTree = "<group>";
		};
		75519D772470FFAB002D01E9 /* Entity */ = {
			isa = PBXGroup;
			children = (
				75519D782470FFAB002D01E9 /* SearchGif.swift */,
			);
			path = Entity;
			sourceTree = "<group>";
		};
		75519D8B24710581002D01E9 /* Calculator */ = {
			isa = PBXGroup;
			children = (
				11B266DA2438330C00C88022 /* ArthurViewController.swift */,
				115F715E244ACF7C001E273C /* ArthurCalculatorViewModel.swift */,
			);
			path = Calculator;
			sourceTree = "<group>";
		};
		82047C9F243091A900B362BA /* lizhong */ = {
			isa = PBXGroup;
			children = (
				3D55ED25247A5FFF00ACB79D /* LizhongGiphy copy.storyboard */,
				3D55ED26247A5FFF00ACB79D /* View.xib */,
				82DA366F2460485500072002 /* Assets */,
				822A91BA24475D6A00122C1A /* btn.wav */,
				82F8E8BD243B57E2008F333F /* LizhongCal.storyboard */,
				82F8E8BF243B57F1008F333F /* LizhongCalViewController.swift */,
				82DA36722460497200072002 /* LizhongGiphyViewController.swift */,
				82DA367C246054C400072002 /* LizhongGiphy.storyboard */,
				82ACAF6B246156AB00F621EF /* Photo.swift */,
				82ACAF7D24615C4300F621EF /* CollectionViewLayout.swift */,
				82ACAF7F2461649300F621EF /* CollectionViewCell.swift */,
				829711E624790BDF008D63F5 /* LizhongGiphySecViewController.swift */,
				829711E824790CA4008D63F5 /* SettingsViewController.swift */,
				829711EE247915BD008D63F5 /* DataSourceofViewController.swift */,
				829711F0247918D7008D63F5 /* ChatCell.swift */,
				829711F324791DC7008D63F5 /* Setting.swift */,
				829711F52479241A008D63F5 /* keyboardofViewController.swift */,
				829711F7247926E0008D63F5 /* HeaderCell.swift */,
				829711F92479271E008D63F5 /* SettingCell.swift */,
				829711FB2479275E008D63F5 /* ContentTypeSettingCell.swift */,
				829711FD24792B61008D63F5 /* DataSourceofSettingsViewController.swift */,
				8297120C24795E4F008D63F5 /* LizhongGiphySec.storyboard */,
			);
			path = lizhong;
			sourceTree = "<group>";
		};
		82047CA4243097DD00B362BA /* Recovered References */ = {
			isa = PBXGroup;
			children = (
			);
			name = "Recovered References";
			sourceTree = "<group>";
		};
		82047CAB2430981E00B362BA /* gun */ = {
			isa = PBXGroup;
			children = (
				82047CAD2430981E00B362BA /* Gun_Calc.storyboard */,
				82047CAC2430981E00B362BA /* Gun_CalcViewController.swift */,
				3D7D4C43244D9C910097BE70 /* Gun_Giphy.storyboard */,
				3D7D4C42244D9C910097BE70 /* Gun_GiphyViewController.swift */,
				3D93445C246EECF100E0FD36 /* GiphyManager.swift */,
				3D93445E246F02EC00E0FD36 /* ResultData.swift */,
				3D934462246F0A6000E0FD36 /* ResultModel.swift */,
			);
			path = gun;
			sourceTree = "<group>";
		};
		82047CB12430986900B362BA /* paduck */ = {
			isa = PBXGroup;
			children = (
				F140A7C6248B842700200482 /* Giphy */,
				82047CB22430986900B362BA /* PaduckViewController.swift */,
				82047CB32430986900B362BA /* Paduck.storyboard */,
			);
			path = paduck;
			sourceTree = "<group>";
		};
		82DA366F2460485500072002 /* Assets */ = {
			isa = PBXGroup;
			children = (
				829711EA24790E4D008D63F5 /* joo.gif */,
				82DA367424604AB700072002 /* Images.xcassets */,
				82DA367824604ADF00072002 /* Photos.plist */,
				82DA367624604ACC00072002 /* Photos.xcassets */,
			);
			path = Assets;
			sourceTree = "<group>";
		};
		B8FB460EA518285EF21A0F29 /* Frameworks */ = {
			isa = PBXGroup;
			children = (
				8297120A24795DA4008D63F5 /* DeepDiff.framework */,
				8297120824795D9E008D63F5 /* PINCache.framework */,
				8297120624795BA9008D63F5 /* OMSDK_Giphy.framework */,
				8297120024795975008D63F5 /* Pods_MyCalc.framework */,
				8297120224795B50008D63F5 /* GiphyUISDK.framework */,
				8297120424795B53008D63F5 /* GiphyCoreSDK.framework */,
				3D53A3DE2450407F0092EBB9 /* OMSDK_Giphy.framework */,
				3D53A3DC245040530092EBB9 /* OMSDK_Giphy */,
				3D53A3D924503D750092EBB9 /* OMSDK_Giphy.framework */,
				3D53A3D024503D630092EBB9 /* DeepDiff.framework */,
				3D53A3D224503D640092EBB9 /* GiphyCoreSDK.framework */,
				3D53A3CF24503D630092EBB9 /* GiphyUISDK.framework */,
				3D53A3D324503D640092EBB9 /* PINCache.framework */,
				3D53A3D124503D640092EBB9 /* WebP.framework */,
				98A6F964E67B0FC79267DE10 /* Pods_MyCalc.framework */,
			);
			name = Frameworks;
			sourceTree = "<group>";
		};
		F140A7C6248B842700200482 /* Giphy */ = {
			isa = PBXGroup;
			children = (
				75519D562470FEC3002D01E9 /* Paduck_Giphy.storyboard */,
				75519D572470FEC3002D01E9 /* Paduck_GiphyViewController.swift */,
				F140A7C7248B89EB00200482 /* __Paduck_GiphyViewController.swift */,
			);
			path = Giphy;
			sourceTree = "<group>";
		};
		F1C9C5C289ADD93DAE268BDB /* Pods */ = {
			isa = PBXGroup;
			children = (
				6308CC744C7A066F1874368A /* Pods-MyCalc.debug.xcconfig */,
				4F43ACDE83A1011E6EAA7D2E /* Pods-MyCalc.release.xcconfig */,
			);
			path = Pods;
			sourceTree = "<group>";
		};
/* End PBXGroup section */

/* Begin PBXNativeTarget section */
		3D60C9CF23F4483F00F9DB34 /* MyCalc */ = {
			isa = PBXNativeTarget;
			buildConfigurationList = 3D60C9E423F4484800F9DB34 /* Build configuration list for PBXNativeTarget "MyCalc" */;
			buildPhases = (
				D1F036DFE24CD8AFB2BC9D2F /* [CP] Check Pods Manifest.lock */,
				3D60C9CC23F4483F00F9DB34 /* Sources */,
				3D60C9CD23F4483F00F9DB34 /* Frameworks */,
				3D60C9CE23F4483F00F9DB34 /* Resources */,
				3D53A3DB24503D7A0092EBB9 /* ShellScript */,
				DE36CE119ADC9AE882CEE18A /* [CP] Embed Pods Frameworks */,
			);
			buildRules = (
			);
			dependencies = (
			);
			name = MyCalc;
			productName = MyCalc;
			productReference = 3D60C9D023F4483F00F9DB34 /* MyCalc.app */;
			productType = "com.apple.product-type.application";
		};
/* End PBXNativeTarget section */

/* Begin PBXProject section */
		3D60C9C823F4483F00F9DB34 /* Project object */ = {
			isa = PBXProject;
			attributes = {
				LastSwiftUpdateCheck = 1130;
				LastUpgradeCheck = 1130;
				ORGANIZATIONNAME = "Geon Kang";
				TargetAttributes = {
					3D60C9CF23F4483F00F9DB34 = {
						CreatedOnToolsVersion = 11.3;
					};
				};
			};
			buildConfigurationList = 3D60C9CB23F4483F00F9DB34 /* Build configuration list for PBXProject "MyCalc" */;
			compatibilityVersion = "Xcode 9.3";
			developmentRegion = en;
			hasScannedForEncodings = 0;
			knownRegions = (
				en,
				Base,
			);
			mainGroup = 3D60C9C723F4483F00F9DB34;
			productRefGroup = 3D60C9D123F4483F00F9DB34 /* Products */;
			projectDirPath = "";
			projectRoot = "";
			targets = (
				3D60C9CF23F4483F00F9DB34 /* MyCalc */,
			);
		};
/* End PBXProject section */

/* Begin PBXResourcesBuildPhase section */
		3D60C9CE23F4483F00F9DB34 /* Resources */ = {
			isa = PBXResourcesBuildPhase;
			buildActionMask = 2147483647;
			files = (
				3D55ED28247A5FFF00ACB79D /* View.xib in Resources */,
				75519D582470FEC3002D01E9 /* Paduck_Giphy.storyboard in Resources */,
				3D7D4C45244D9E4B0097BE70 /* Gun_Giphy.storyboard in Resources */,
				3DFB170524309D27000F9C1C /* LaunchScreen.storyboard in Resources */,
				829711EB24790E4D008D63F5 /* joo.gif in Resources */,
				3DFB170424309D21000F9C1C /* Paduck.storyboard in Resources */,
				82DA367924604ADF00072002 /* Photos.plist in Resources */,
				3DFB170324309D1C000F9C1C /* Gun_Calc.storyboard in Resources */,
				11B266D9243832AD00C88022 /* Arthur.storyboard in Resources */,
				822A91BB24475D6A00122C1A /* btn.wav in Resources */,
				F148674E24309B0200BDF162 /* PaduckViewController.swift in Resources */,
				F148674D24309AF700BDF162 /* Gun_CalcViewController.swift in Resources */,
				82DA367724604ACC00072002 /* Photos.xcassets in Resources */,
				82DA367D246054C400072002 /* LizhongGiphy.storyboard in Resources */,
				3D55ED27247A5FFF00ACB79D /* LizhongGiphy copy.storyboard in Resources */,
				3D53A3E3245418EC0092EBB9 /* File.strings in Resources */,
				82DA367524604AB700072002 /* Images.xcassets in Resources */,
				8297120D24795E4F008D63F5 /* LizhongGiphySec.storyboard in Resources */,
				82F8E8BE243B57E2008F333F /* LizhongCal.storyboard in Resources */,
				3DFB16FC243092AB000F9C1C /* main.storyboard in Resources */,
				3D60C9DD23F4484800F9DB34 /* Assets.xcassets in Resources */,
			);
			runOnlyForDeploymentPostprocessing = 0;
		};
/* End PBXResourcesBuildPhase section */

/* Begin PBXShellScriptBuildPhase section */
		3D53A3DB24503D7A0092EBB9 /* ShellScript */ = {
			isa = PBXShellScriptBuildPhase;
			buildActionMask = 2147483647;
			files = (
			);
			inputFileListPaths = (
			);
			inputPaths = (
			);
			outputFileListPaths = (
			);
			outputPaths = (
			);
			runOnlyForDeploymentPostprocessing = 0;
			shellPath = /bin/sh;
			shellScript = "/usr/local/bin/carthage copy-frameworks\n";
		};
		D1F036DFE24CD8AFB2BC9D2F /* [CP] Check Pods Manifest.lock */ = {
			isa = PBXShellScriptBuildPhase;
			buildActionMask = 2147483647;
			files = (
			);
			inputFileListPaths = (
			);
			inputPaths = (
				"${PODS_PODFILE_DIR_PATH}/Podfile.lock",
				"${PODS_ROOT}/Manifest.lock",
			);
			name = "[CP] Check Pods Manifest.lock";
			outputFileListPaths = (
			);
			outputPaths = (
				"$(DERIVED_FILE_DIR)/Pods-MyCalc-checkManifestLockResult.txt",
			);
			runOnlyForDeploymentPostprocessing = 0;
			shellPath = /bin/sh;
			shellScript = "diff \"${PODS_PODFILE_DIR_PATH}/Podfile.lock\" \"${PODS_ROOT}/Manifest.lock\" > /dev/null\nif [ $? != 0 ] ; then\n    # print error to STDERR\n    echo \"error: The sandbox is not in sync with the Podfile.lock. Run 'pod install' or update your CocoaPods installation.\" >&2\n    exit 1\nfi\n# This output is used by Xcode 'outputs' to avoid re-running this script phase.\necho \"SUCCESS\" > \"${SCRIPT_OUTPUT_FILE_0}\"\n";
			showEnvVarsInLog = 0;
		};
		DE36CE119ADC9AE882CEE18A /* [CP] Embed Pods Frameworks */ = {
			isa = PBXShellScriptBuildPhase;
			buildActionMask = 2147483647;
			files = (
			);
			inputFileListPaths = (
				"${PODS_ROOT}/Target Support Files/Pods-MyCalc/Pods-MyCalc-frameworks-${CONFIGURATION}-input-files.xcfilelist",
			);
			name = "[CP] Embed Pods Frameworks";
			outputFileListPaths = (
				"${PODS_ROOT}/Target Support Files/Pods-MyCalc/Pods-MyCalc-frameworks-${CONFIGURATION}-output-files.xcfilelist",
			);
			runOnlyForDeploymentPostprocessing = 0;
			shellPath = /bin/sh;
			shellScript = "\"${PODS_ROOT}/Target Support Files/Pods-MyCalc/Pods-MyCalc-frameworks.sh\"\n";
			showEnvVarsInLog = 0;
		};
/* End PBXShellScriptBuildPhase section */

/* Begin PBXSourcesBuildPhase section */
		3D60C9CC23F4483F00F9DB34 /* Sources */ = {
			isa = PBXSourcesBuildPhase;
			buildActionMask = 2147483647;
			files = (
				3D55ED2D247A646200ACB79D /* DataSourceofViewController.swift in Sources */,
				3D55ED2C247A640800ACB79D /* ResultData.swift in Sources */,
				3D55ED2B247A63CE00ACB79D /* LizhongGiphySecViewController.swift in Sources */,
				3D55ED2A247A639600ACB79D /* GiphyManager.swift in Sources */,
				3D55ED29247A638000ACB79D /* SearchGifNetwork.swift in Sources */,
				829711FA2479271E008D63F5 /* SettingCell.swift in Sources */,
				75519D8A2470FFAB002D01E9 /* SearchGif.swift in Sources */,
				3D23B2CA2434565700852962 /* MainViewController.swift in Sources */,
				11B266DB2438330C00C88022 /* ArthurViewController.swift in Sources */,
				75519D792470FFAB002D01E9 /* WaterfallLayout.swift in Sources */,
				82ACAF802461649300F621EF /* CollectionViewCell.swift in Sources */,
				829711F424791DC7008D63F5 /* Setting.swift in Sources */,
				75519D592470FEC3002D01E9 /* Paduck_GiphyViewController.swift in Sources */,
				82047CB42430986900B362BA /* PaduckViewController.swift in Sources */,
				82047CAF2430981E00B362BA /* Gun_CalcViewController.swift in Sources */,
				75519D852470FFAB002D01E9 /* SearchView.swift in Sources */,
				75519D822470FFAB002D01E9 /* ViewController.swift in Sources */,
				75519D7A2470FFAB002D01E9 /* RelamManager.swift in Sources */,
				82ACAF6C246156AB00F621EF /* Photo.swift in Sources */,
				75519D812470FFAB002D01E9 /* FavoriteButton.swift in Sources */,
				82DA36732460497200072002 /* LizhongGiphyViewController.swift in Sources */,
				75519D7B2470FFAB002D01E9 /* SearchViewController.swift in Sources */,
				82ACAF7E24615C4300F621EF /* CollectionViewLayout.swift in Sources */,
				82F8E8C0243B57F1008F333F /* LizhongCalViewController.swift in Sources */,
				75519D7D2470FFAB002D01E9 /* SearchCell.swift in Sources */,
				829711FE24792B61008D63F5 /* DataSourceofSettingsViewController.swift in Sources */,
				115F715F244ACF7C001E273C /* ArthurCalculatorViewModel.swift in Sources */,
				75519D7F2470FFAB002D01E9 /* ImageDetailViewModel.swift in Sources */,
				829711F1247918D7008D63F5 /* ChatCell.swift in Sources */,
				F140A7C8248B89EB00200482 /* __Paduck_GiphyViewController.swift in Sources */,
				75519D802470FFAB002D01E9 /* ImageDetailViewController.swift in Sources */,
				829711E924790CA4008D63F5 /* SettingsViewController.swift in Sources */,
				75519D7C2470FFAB002D01E9 /* SearchViewModel.swift in Sources */,
				75519D7E2470FFAB002D01E9 /* SearchModel.swift in Sources */,
				3D60C9D423F4483F00F9DB34 /* AppDelegate.swift in Sources */,
				829711F62479241A008D63F5 /* keyboardofViewController.swift in Sources */,
				829711F8247926E0008D63F5 /* HeaderCell.swift in Sources */,
				3D7D4C44244D9C910097BE70 /* Gun_GiphyViewController.swift in Sources */,
				829711FC2479275E008D63F5 /* ContentTypeSettingCell.swift in Sources */,
			);
			runOnlyForDeploymentPostprocessing = 0;
		};
/* End PBXSourcesBuildPhase section */

/* Begin PBXVariantGroup section */
		3D60C9DE23F4484800F9DB34 /* LaunchScreen.storyboard */ = {
			isa = PBXVariantGroup;
			children = (
				3D60C9DF23F4484800F9DB34 /* Base */,
			);
			name = LaunchScreen.storyboard;
			sourceTree = "<group>";
		};
		82047CAD2430981E00B362BA /* Gun_Calc.storyboard */ = {
			isa = PBXVariantGroup;
			children = (
				82047CAE2430981E00B362BA /* Base */,
			);
			name = Gun_Calc.storyboard;
			sourceTree = "<group>";
		};
/* End PBXVariantGroup section */

/* Begin XCBuildConfiguration section */
		3D60C9E223F4484800F9DB34 /* Debug */ = {
			isa = XCBuildConfiguration;
			buildSettings = {
				ALWAYS_SEARCH_USER_PATHS = NO;
				CLANG_ANALYZER_NONNULL = YES;
				CLANG_ANALYZER_NUMBER_OBJECT_CONVERSION = YES_AGGRESSIVE;
				CLANG_CXX_LANGUAGE_STANDARD = "gnu++14";
				CLANG_CXX_LIBRARY = "libc++";
				CLANG_ENABLE_MODULES = YES;
				CLANG_ENABLE_OBJC_ARC = YES;
				CLANG_ENABLE_OBJC_WEAK = YES;
				CLANG_WARN_BLOCK_CAPTURE_AUTORELEASING = YES;
				CLANG_WARN_BOOL_CONVERSION = YES;
				CLANG_WARN_COMMA = YES;
				CLANG_WARN_CONSTANT_CONVERSION = YES;
				CLANG_WARN_DEPRECATED_OBJC_IMPLEMENTATIONS = YES;
				CLANG_WARN_DIRECT_OBJC_ISA_USAGE = YES_ERROR;
				CLANG_WARN_DOCUMENTATION_COMMENTS = YES;
				CLANG_WARN_EMPTY_BODY = YES;
				CLANG_WARN_ENUM_CONVERSION = YES;
				CLANG_WARN_INFINITE_RECURSION = YES;
				CLANG_WARN_INT_CONVERSION = YES;
				CLANG_WARN_NON_LITERAL_NULL_CONVERSION = YES;
				CLANG_WARN_OBJC_IMPLICIT_RETAIN_SELF = YES;
				CLANG_WARN_OBJC_LITERAL_CONVERSION = YES;
				CLANG_WARN_OBJC_ROOT_CLASS = YES_ERROR;
				CLANG_WARN_RANGE_LOOP_ANALYSIS = YES;
				CLANG_WARN_STRICT_PROTOTYPES = YES;
				CLANG_WARN_SUSPICIOUS_MOVE = YES;
				CLANG_WARN_UNGUARDED_AVAILABILITY = YES_AGGRESSIVE;
				CLANG_WARN_UNREACHABLE_CODE = YES;
				CLANG_WARN__DUPLICATE_METHOD_MATCH = YES;
				COPY_PHASE_STRIP = NO;
				DEBUG_INFORMATION_FORMAT = dwarf;
				ENABLE_STRICT_OBJC_MSGSEND = YES;
				ENABLE_TESTABILITY = YES;
				GCC_C_LANGUAGE_STANDARD = gnu11;
				GCC_DYNAMIC_NO_PIC = NO;
				GCC_NO_COMMON_BLOCKS = YES;
				GCC_OPTIMIZATION_LEVEL = 0;
				GCC_PREPROCESSOR_DEFINITIONS = (
					"DEBUG=1",
					"$(inherited)",
				);
				GCC_WARN_64_TO_32_BIT_CONVERSION = YES;
				GCC_WARN_ABOUT_RETURN_TYPE = YES_ERROR;
				GCC_WARN_UNDECLARED_SELECTOR = YES;
				GCC_WARN_UNINITIALIZED_AUTOS = YES_AGGRESSIVE;
				GCC_WARN_UNUSED_FUNCTION = YES;
				GCC_WARN_UNUSED_VARIABLE = YES;
				IPHONEOS_DEPLOYMENT_TARGET = 13.2;
				MTL_ENABLE_DEBUG_INFO = INCLUDE_SOURCE;
				MTL_FAST_MATH = YES;
				ONLY_ACTIVE_ARCH = YES;
				SDKROOT = iphoneos;
				SWIFT_ACTIVE_COMPILATION_CONDITIONS = DEBUG;
				SWIFT_OPTIMIZATION_LEVEL = "-Onone";
			};
			name = Debug;
		};
		3D60C9E323F4484800F9DB34 /* Release */ = {
			isa = XCBuildConfiguration;
			buildSettings = {
				ALWAYS_SEARCH_USER_PATHS = NO;
				CLANG_ANALYZER_NONNULL = YES;
				CLANG_ANALYZER_NUMBER_OBJECT_CONVERSION = YES_AGGRESSIVE;
				CLANG_CXX_LANGUAGE_STANDARD = "gnu++14";
				CLANG_CXX_LIBRARY = "libc++";
				CLANG_ENABLE_MODULES = YES;
				CLANG_ENABLE_OBJC_ARC = YES;
				CLANG_ENABLE_OBJC_WEAK = YES;
				CLANG_WARN_BLOCK_CAPTURE_AUTORELEASING = YES;
				CLANG_WARN_BOOL_CONVERSION = YES;
				CLANG_WARN_COMMA = YES;
				CLANG_WARN_CONSTANT_CONVERSION = YES;
				CLANG_WARN_DEPRECATED_OBJC_IMPLEMENTATIONS = YES;
				CLANG_WARN_DIRECT_OBJC_ISA_USAGE = YES_ERROR;
				CLANG_WARN_DOCUMENTATION_COMMENTS = YES;
				CLANG_WARN_EMPTY_BODY = YES;
				CLANG_WARN_ENUM_CONVERSION = YES;
				CLANG_WARN_INFINITE_RECURSION = YES;
				CLANG_WARN_INT_CONVERSION = YES;
				CLANG_WARN_NON_LITERAL_NULL_CONVERSION = YES;
				CLANG_WARN_OBJC_IMPLICIT_RETAIN_SELF = YES;
				CLANG_WARN_OBJC_LITERAL_CONVERSION = YES;
				CLANG_WARN_OBJC_ROOT_CLASS = YES_ERROR;
				CLANG_WARN_RANGE_LOOP_ANALYSIS = YES;
				CLANG_WARN_STRICT_PROTOTYPES = YES;
				CLANG_WARN_SUSPICIOUS_MOVE = YES;
				CLANG_WARN_UNGUARDED_AVAILABILITY = YES_AGGRESSIVE;
				CLANG_WARN_UNREACHABLE_CODE = YES;
				CLANG_WARN__DUPLICATE_METHOD_MATCH = YES;
				COPY_PHASE_STRIP = NO;
				DEBUG_INFORMATION_FORMAT = "dwarf-with-dsym";
				ENABLE_NS_ASSERTIONS = NO;
				ENABLE_STRICT_OBJC_MSGSEND = YES;
				GCC_C_LANGUAGE_STANDARD = gnu11;
				GCC_NO_COMMON_BLOCKS = YES;
				GCC_WARN_64_TO_32_BIT_CONVERSION = YES;
				GCC_WARN_ABOUT_RETURN_TYPE = YES_ERROR;
				GCC_WARN_UNDECLARED_SELECTOR = YES;
				GCC_WARN_UNINITIALIZED_AUTOS = YES_AGGRESSIVE;
				GCC_WARN_UNUSED_FUNCTION = YES;
				GCC_WARN_UNUSED_VARIABLE = YES;
				IPHONEOS_DEPLOYMENT_TARGET = 13.2;
				MTL_ENABLE_DEBUG_INFO = NO;
				MTL_FAST_MATH = YES;
				SDKROOT = iphoneos;
				SWIFT_COMPILATION_MODE = wholemodule;
				SWIFT_OPTIMIZATION_LEVEL = "-O";
				VALIDATE_PRODUCT = YES;
			};
			name = Release;
		};
		3D60C9E523F4484800F9DB34 /* Debug */ = {
			isa = XCBuildConfiguration;
			baseConfigurationReference = 6308CC744C7A066F1874368A /* Pods-MyCalc.debug.xcconfig */;
			buildSettings = {
				ALWAYS_EMBED_SWIFT_STANDARD_LIBRARIES = YES;
				ALWAYS_SEARCH_USER_PATHS = YES;
				ASSETCATALOG_COMPILER_APPICON_NAME = AppIcon;
				CODE_SIGN_STYLE = Automatic;
				FRAMEWORK_SEARCH_PATHS = (
					"$(inherited)",
					"$(PROJECT_DIR)/Carthage/Build/iOS",
					"$(PROJECT_DIR)/Carthage/Build/iOS/GiphyCoreSDK.framework/Frameworks",
					"$(PROJECT_DIR)/Carthage/Build/iOS/GiphyCoreSDK.framework/omsdk-ios-1.2.20-Giphy",
					"$(PROJECT_DIR)/Pods/Giphy/GiphySDK",
					"$(PROJECT_DIR)/Pods/Giphy/GiphySDK/GiphyCoreSDK.framework/omsdk-ios-1.2.20-Giphy",
				);
				INFOPLIST_FILE = MyCalc/Info.plist;
				LD_RUNPATH_SEARCH_PATHS = (
					"$(inherited)",
					"@executable_path/Frameworks",
				);
				LIBRARY_SEARCH_PATHS = (
					"$(inherited)",
					"$(PROJECT_DIR)/Carthage/Build/iOS/GiphyCoreSDK.framework/Frameworks/OMSDK_Giphy.framework",
				);
				OTHER_LDFLAGS = (
					"$(inherited)",
					"-ObjC",
					"-framework",
					"\"DeepDiff\"",
					"-framework",
					"\"Foundation\"",
					"-framework",
					"\"GiphyCoreSDK\"",
					"-framework",
					"\"GiphyUISDK\"",
					"-framework",
					"\"OMSDK_Giphy\"",
					"-framework",
					"\"PINCache\"",
					"-framework",
					"\"UIKit\"",
					"-framework",
					"\"libwebp\"",
					"-weak_framework",
					"\"UIKit\"",
				);
				PRODUCT_BUNDLE_IDENTIFIER = com.kang.MyCalc;
				PRODUCT_NAME = "$(TARGET_NAME)";
				SWIFT_VERSION = 5.0;
				SYMROOT = build;
				TARGETED_DEVICE_FAMILY = "1,2";
			};
			name = Debug;
		};
		3D60C9E623F4484800F9DB34 /* Release */ = {
			isa = XCBuildConfiguration;
			baseConfigurationReference = 4F43ACDE83A1011E6EAA7D2E /* Pods-MyCalc.release.xcconfig */;
			buildSettings = {
				ALWAYS_EMBED_SWIFT_STANDARD_LIBRARIES = YES;
				ALWAYS_SEARCH_USER_PATHS = YES;
				ASSETCATALOG_COMPILER_APPICON_NAME = AppIcon;
				CODE_SIGN_STYLE = Automatic;
				FRAMEWORK_SEARCH_PATHS = (
					"$(inherited)",
					"$(PROJECT_DIR)/Carthage/Build/iOS",
					"$(PROJECT_DIR)/Carthage/Build/iOS/GiphyCoreSDK.framework/Frameworks",
					"$(PROJECT_DIR)/Carthage/Build/iOS/GiphyCoreSDK.framework/omsdk-ios-1.2.20-Giphy",
					"$(PROJECT_DIR)/Pods/Giphy/GiphySDK",
					"$(PROJECT_DIR)/Pods/Giphy/GiphySDK/GiphyCoreSDK.framework/omsdk-ios-1.2.20-Giphy",
				);
				INFOPLIST_FILE = MyCalc/Info.plist;
				LD_RUNPATH_SEARCH_PATHS = (
					"$(inherited)",
					"@executable_path/Frameworks",
				);
				LIBRARY_SEARCH_PATHS = (
					"$(inherited)",
					"$(PROJECT_DIR)/Carthage/Build/iOS/GiphyCoreSDK.framework/Frameworks/OMSDK_Giphy.framework",
				);
				OTHER_LDFLAGS = (
					"$(inherited)",
					"-ObjC",
					"-framework",
					"\"DeepDiff\"",
					"-framework",
					"\"Foundation\"",
					"-framework",
					"\"GiphyCoreSDK\"",
					"-framework",
					"\"GiphyUISDK\"",
					"-framework",
					"\"OMSDK_Giphy\"",
					"-framework",
					"\"PINCache\"",
					"-framework",
					"\"UIKit\"",
					"-framework",
					"\"libwebp\"",
					"-weak_framework",
					"\"UIKit\"",
				);
				PRODUCT_BUNDLE_IDENTIFIER = com.kang.MyCalc;
				PRODUCT_NAME = "$(TARGET_NAME)";
				SWIFT_VERSION = 5.0;
				SYMROOT = build;
				TARGETED_DEVICE_FAMILY = "1,2";
			};
			name = Release;
		};
/* End XCBuildConfiguration section */

/* Begin XCConfigurationList section */
		3D60C9CB23F4483F00F9DB34 /* Build configuration list for PBXProject "MyCalc" */ = {
			isa = XCConfigurationList;
			buildConfigurations = (
				3D60C9E223F4484800F9DB34 /* Debug */,
				3D60C9E323F4484800F9DB34 /* Release */,
			);
			defaultConfigurationIsVisible = 0;
			defaultConfigurationName = Release;
		};
		3D60C9E423F4484800F9DB34 /* Build configuration list for PBXNativeTarget "MyCalc" */ = {
			isa = XCConfigurationList;
			buildConfigurations = (
				3D60C9E523F4484800F9DB34 /* Debug */,
				3D60C9E623F4484800F9DB34 /* Release */,
			);
			defaultConfigurationIsVisible = 0;
			defaultConfigurationName = Release;
		};
/* End XCConfigurationList section */
	};
	rootObject = 3D60C9C823F4483F00F9DB34 /* Project object */;
}
